
Microsoft Visual Studio Solution File, Format Version 12.00
# Visual Studio Version 17
VisualStudioVersion = 17.0.31903.59
MinimumVisualStudioVersion = 10.0.40219.1
Project("{2150E333-8FDC-42A3-9474-1A3956D46DE8}") = "src", "src", "{827E0CD3-B72D-47B6-A68D-7590B98EB39B}"
EndProject
Project("{FAE04EC0-301F-11D3-BF4B-00C04F79EFBC}") = "Prova.Core", "src\Prova.Core\Prova.Core.csproj", "{A7C91412-F749-4ADE-B6BA-D82F17B69C01}"
EndProject
Project("{FAE04EC0-301F-11D3-BF4B-00C04F79EFBC}") = "Prova.Generators", "src\Prova.Generators\Prova.Generators.csproj", "{AB605013-5A3B-47FD-9FF1-D9AA6D4AE3E3}"
EndProject
Project("{FAE04EC0-301F-11D3-BF4B-00C04F79EFBC}") = "Prova.Analyzers", "src\Prova.Analyzers\Prova.Analyzers.csproj", "{6D49DCFC-61B8-4CB6-BACF-9E09E7750F0E}"
EndProject
Project("{FAE04EC0-301F-11D3-BF4B-00C04F79EFBC}") = "Prova.AspNetCore", "src\Prova.AspNetCore\Prova.AspNetCore.csproj", "{9ECA1692-0AB7-4F2D-8803-609FE226A3ED}"
EndProject
Project("{2150E333-8FDC-42A3-9474-1A3956D46DE8}") = "samples", "samples", "{5D20AA90-6969-D8BD-9DCD-8634F4692FDA}"
EndProject
Project("{FAE04EC0-301F-11D3-BF4B-00C04F79EFBC}") = "Prova.AspNetCore.Sample", "samples\Prova.AspNetCore.Sample\Prova.AspNetCore.Sample.csproj", "{65CAD767-253F-432E-B4BA-A5C696CD849C}"
EndProject
Project("{2150E333-8FDC-42A3-9474-1A3956D46DE8}") = "tests", "tests", "{0AB3BF05-4346-4AA6-1389-037BE0695223}"
EndProject
Project("{FAE04EC0-301F-11D3-BF4B-00C04F79EFBC}") = "Prova.Generators.Tests", "tests\Prova.Generators.Tests\Prova.Generators.Tests.csproj", "{46985DD3-40FA-4556-BAEC-B5BECA0C2A3C}"
EndProject
Project("{FAE04EC0-301F-11D3-BF4B-00C04F79EFBC}") = "Prova.Core.Tests", "tests\Prova.Core.Tests\Prova.Core.Tests.csproj", "{9F0C4F4F-DC92-4221-BBFB-72AE98D31D5C}"
EndProject
Project("{FAE04EC0-301F-11D3-BF4B-00C04F79EFBC}") = "Prova.Playwright", "src\Prova.Playwright\Prova.Playwright.csproj", "{1B00BE2B-20EC-4BEF-925F-3876B86E3D82}"
EndProject
Project("{FAE04EC0-301F-11D3-BF4B-00C04F79EFBC}") = "Prova.Playwright.Sample", "samples\Prova.Playwright.Sample\Prova.Playwright.Sample.csproj", "{51252E89-5754-4147-B357-E15B0FA7C88E}"
EndProject
Project("{FAE04EC0-301F-11D3-BF4B-00C04F79EFBC}") = "Prova.Testcontainers", "src\Prova.Testcontainers\Prova.Testcontainers.csproj", "{8EB3D4DB-786A-4961-907E-BF33F2E41A66}"
EndProject
Project("{FAE04EC0-301F-11D3-BF4B-00C04F79EFBC}") = "Prova.Testcontainers.Sample", "samples\Prova.Testcontainers.Sample\Prova.Testcontainers.Sample.csproj", "{C7277781-5910-4144-B917-9FF7C1955896}"
EndProject
Global
	GlobalSection(SolutionConfigurationPlatforms) = preSolution
		Debug|Any CPU = Debug|Any CPU
		Debug|x64 = Debug|x64
		Debug|x86 = Debug|x86
		Release|Any CPU = Release|Any CPU
		Release|x64 = Release|x64
		Release|x86 = Release|x86
	EndGlobalSection
	GlobalSection(ProjectConfigurationPlatforms) = postSolution
		{A7C91412-F749-4ADE-B6BA-D82F17B69C01}.Debug|Any CPU.ActiveCfg = Debug|Any CPU
		{A7C91412-F749-4ADE-B6BA-D82F17B69C01}.Debug|Any CPU.Build.0 = Debug|Any CPU
		{A7C91412-F749-4ADE-B6BA-D82F17B69C01}.Debug|x64.ActiveCfg = Debug|Any CPU
		{A7C91412-F749-4ADE-B6BA-D82F17B69C01}.Debug|x64.Build.0 = Debug|Any CPU
		{A7C91412-F749-4ADE-B6BA-D82F17B69C01}.Debug|x86.ActiveCfg = Debug|Any CPU
		{A7C91412-F749-4ADE-B6BA-D82F17B69C01}.Debug|x86.Build.0 = Debug|Any CPU
		{A7C91412-F749-4ADE-B6BA-D82F17B69C01}.Release|Any CPU.ActiveCfg = Release|Any CPU
		{A7C91412-F749-4ADE-B6BA-D82F17B69C01}.Release|Any CPU.Build.0 = Release|Any CPU
		{A7C91412-F749-4ADE-B6BA-D82F17B69C01}.Release|x64.ActiveCfg = Release|Any CPU
		{A7C91412-F749-4ADE-B6BA-D82F17B69C01}.Release|x64.Build.0 = Release|Any CPU
		{A7C91412-F749-4ADE-B6BA-D82F17B69C01}.Release|x86.ActiveCfg = Release|Any CPU
		{A7C91412-F749-4ADE-B6BA-D82F17B69C01}.Release|x86.Build.0 = Release|Any CPU
		{AB605013-5A3B-47FD-9FF1-D9AA6D4AE3E3}.Debug|Any CPU.ActiveCfg = Debug|Any CPU
		{AB605013-5A3B-47FD-9FF1-D9AA6D4AE3E3}.Debug|Any CPU.Build.0 = Debug|Any CPU
		{AB605013-5A3B-47FD-9FF1-D9AA6D4AE3E3}.Debug|x64.ActiveCfg = Debug|Any CPU
		{AB605013-5A3B-47FD-9FF1-D9AA6D4AE3E3}.Debug|x64.Build.0 = Debug|Any CPU
		{AB605013-5A3B-47FD-9FF1-D9AA6D4AE3E3}.Debug|x86.ActiveCfg = Debug|Any CPU
		{AB605013-5A3B-47FD-9FF1-D9AA6D4AE3E3}.Debug|x86.Build.0 = Debug|Any CPU
		{AB605013-5A3B-47FD-9FF1-D9AA6D4AE3E3}.Release|Any CPU.ActiveCfg = Release|Any CPU
		{AB605013-5A3B-47FD-9FF1-D9AA6D4AE3E3}.Release|Any CPU.Build.0 = Release|Any CPU
		{AB605013-5A3B-47FD-9FF1-D9AA6D4AE3E3}.Release|x64.ActiveCfg = Release|Any CPU
		{AB605013-5A3B-47FD-9FF1-D9AA6D4AE3E3}.Release|x64.Build.0 = Release|Any CPU
		{AB605013-5A3B-47FD-9FF1-D9AA6D4AE3E3}.Release|x86.ActiveCfg = Release|Any CPU
		{AB605013-5A3B-47FD-9FF1-D9AA6D4AE3E3}.Release|x86.Build.0 = Release|Any CPU
		{6D49DCFC-61B8-4CB6-BACF-9E09E7750F0E}.Debug|Any CPU.ActiveCfg = Debug|Any CPU
		{6D49DCFC-61B8-4CB6-BACF-9E09E7750F0E}.Debug|Any CPU.Build.0 = Debug|Any CPU
		{6D49DCFC-61B8-4CB6-BACF-9E09E7750F0E}.Debug|x64.ActiveCfg = Debug|Any CPU
		{6D49DCFC-61B8-4CB6-BACF-9E09E7750F0E}.Debug|x64.Build.0 = Debug|Any CPU
		{6D49DCFC-61B8-4CB6-BACF-9E09E7750F0E}.Debug|x86.ActiveCfg = Debug|Any CPU
		{6D49DCFC-61B8-4CB6-BACF-9E09E7750F0E}.Debug|x86.Build.0 = Debug|Any CPU
		{6D49DCFC-61B8-4CB6-BACF-9E09E7750F0E}.Release|Any CPU.ActiveCfg = Release|Any CPU
		{6D49DCFC-61B8-4CB6-BACF-9E09E7750F0E}.Release|Any CPU.Build.0 = Release|Any CPU
		{6D49DCFC-61B8-4CB6-BACF-9E09E7750F0E}.Release|x64.ActiveCfg = Release|Any CPU
		{6D49DCFC-61B8-4CB6-BACF-9E09E7750F0E}.Release|x64.Build.0 = Release|Any CPU
		{6D49DCFC-61B8-4CB6-BACF-9E09E7750F0E}.Release|x86.ActiveCfg = Release|Any CPU
		{6D49DCFC-61B8-4CB6-BACF-9E09E7750F0E}.Release|x86.Build.0 = Release|Any CPU
		{9ECA1692-0AB7-4F2D-8803-609FE226A3ED}.Debug|Any CPU.ActiveCfg = Debug|Any CPU
		{9ECA1692-0AB7-4F2D-8803-609FE226A3ED}.Debug|Any CPU.Build.0 = Debug|Any CPU
		{9ECA1692-0AB7-4F2D-8803-609FE226A3ED}.Debug|x64.ActiveCfg = Debug|Any CPU
		{9ECA1692-0AB7-4F2D-8803-609FE226A3ED}.Debug|x64.Build.0 = Debug|Any CPU
		{9ECA1692-0AB7-4F2D-8803-609FE226A3ED}.Debug|x86.ActiveCfg = Debug|Any CPU
		{9ECA1692-0AB7-4F2D-8803-609FE226A3ED}.Debug|x86.Build.0 = Debug|Any CPU
		{9ECA1692-0AB7-4F2D-8803-609FE226A3ED}.Release|Any CPU.ActiveCfg = Release|Any CPU
		{9ECA1692-0AB7-4F2D-8803-609FE226A3ED}.Release|Any CPU.Build.0 = Release|Any CPU
		{9ECA1692-0AB7-4F2D-8803-609FE226A3ED}.Release|x64.ActiveCfg = Release|Any CPU
		{9ECA1692-0AB7-4F2D-8803-609FE226A3ED}.Release|x64.Build.0 = Release|Any CPU
		{9ECA1692-0AB7-4F2D-8803-609FE226A3ED}.Release|x86.ActiveCfg = Release|Any CPU
		{9ECA1692-0AB7-4F2D-8803-609FE226A3ED}.Release|x86.Build.0 = Release|Any CPU
		{65CAD767-253F-432E-B4BA-A5C696CD849C}.Debug|Any CPU.ActiveCfg = Debug|Any CPU
		{65CAD767-253F-432E-B4BA-A5C696CD849C}.Debug|Any CPU.Build.0 = Debug|Any CPU
		{65CAD767-253F-432E-B4BA-A5C696CD849C}.Debug|x64.ActiveCfg = Debug|Any CPU
		{65CAD767-253F-432E-B4BA-A5C696CD849C}.Debug|x64.Build.0 = Debug|Any CPU
		{65CAD767-253F-432E-B4BA-A5C696CD849C}.Debug|x86.ActiveCfg = Debug|Any CPU
		{65CAD767-253F-432E-B4BA-A5C696CD849C}.Debug|x86.Build.0 = Debug|Any CPU
		{65CAD767-253F-432E-B4BA-A5C696CD849C}.Release|Any CPU.ActiveCfg = Release|Any CPU
		{65CAD767-253F-432E-B4BA-A5C696CD849C}.Release|Any CPU.Build.0 = Release|Any CPU
		{65CAD767-253F-432E-B4BA-A5C696CD849C}.Release|x64.ActiveCfg = Release|Any CPU
		{65CAD767-253F-432E-B4BA-A5C696CD849C}.Release|x64.Build.0 = Release|Any CPU
		{65CAD767-253F-432E-B4BA-A5C696CD849C}.Release|x86.ActiveCfg = Release|Any CPU
		{65CAD767-253F-432E-B4BA-A5C696CD849C}.Release|x86.Build.0 = Release|Any CPU
		{46985DD3-40FA-4556-BAEC-B5BECA0C2A3C}.Debug|Any CPU.ActiveCfg = Debug|Any CPU
		{46985DD3-40FA-4556-BAEC-B5BECA0C2A3C}.Debug|Any CPU.Build.0 = Debug|Any CPU
		{46985DD3-40FA-4556-BAEC-B5BECA0C2A3C}.Debug|x64.ActiveCfg = Debug|Any CPU
		{46985DD3-40FA-4556-BAEC-B5BECA0C2A3C}.Debug|x64.Build.0 = Debug|Any CPU
		{46985DD3-40FA-4556-BAEC-B5BECA0C2A3C}.Debug|x86.ActiveCfg = Debug|Any CPU
		{46985DD3-40FA-4556-BAEC-B5BECA0C2A3C}.Debug|x86.Build.0 = Debug|Any CPU
		{46985DD3-40FA-4556-BAEC-B5BECA0C2A3C}.Release|Any CPU.ActiveCfg = Release|Any CPU
		{46985DD3-40FA-4556-BAEC-B5BECA0C2A3C}.Release|Any CPU.Build.0 = Release|Any CPU
		{46985DD3-40FA-4556-BAEC-B5BECA0C2A3C}.Release|x64.ActiveCfg = Release|Any CPU
		{46985DD3-40FA-4556-BAEC-B5BECA0C2A3C}.Release|x64.Build.0 = Release|Any CPU
		{46985DD3-40FA-4556-BAEC-B5BECA0C2A3C}.Release|x86.ActiveCfg = Release|Any CPU
		{46985DD3-40FA-4556-BAEC-B5BECA0C2A3C}.Release|x86.Build.0 = Release|Any CPU
		{9F0C4F4F-DC92-4221-BBFB-72AE98D31D5C}.Debug|Any CPU.ActiveCfg = Debug|Any CPU
		{9F0C4F4F-DC92-4221-BBFB-72AE98D31D5C}.Debug|Any CPU.Build.0 = Debug|Any CPU
		{9F0C4F4F-DC92-4221-BBFB-72AE98D31D5C}.Debug|x64.ActiveCfg = Debug|Any CPU
		{9F0C4F4F-DC92-4221-BBFB-72AE98D31D5C}.Debug|x64.Build.0 = Debug|Any CPU
		{9F0C4F4F-DC92-4221-BBFB-72AE98D31D5C}.Debug|x86.ActiveCfg = Debug|Any CPU
		{9F0C4F4F-DC92-4221-BBFB-72AE98D31D5C}.Debug|x86.Build.0 = Debug|Any CPU
		{9F0C4F4F-DC92-4221-BBFB-72AE98D31D5C}.Release|Any CPU.ActiveCfg = Release|Any CPU
		{9F0C4F4F-DC92-4221-BBFB-72AE98D31D5C}.Release|Any CPU.Build.0 = Release|Any CPU
		{9F0C4F4F-DC92-4221-BBFB-72AE98D31D5C}.Release|x64.ActiveCfg = Release|Any CPU
		{9F0C4F4F-DC92-4221-BBFB-72AE98D31D5C}.Release|x64.Build.0 = Release|Any CPU
		{9F0C4F4F-DC92-4221-BBFB-72AE98D31D5C}.Release|x86.ActiveCfg = Release|Any CPU
		{9F0C4F4F-DC92-4221-BBFB-72AE98D31D5C}.Release|x86.Build.0 = Release|Any CPU
		{1B00BE2B-20EC-4BEF-925F-3876B86E3D82}.Debug|Any CPU.ActiveCfg = Debug|Any CPU
		{1B00BE2B-20EC-4BEF-925F-3876B86E3D82}.Debug|Any CPU.Build.0 = Debug|Any CPU
		{1B00BE2B-20EC-4BEF-925F-3876B86E3D82}.Debug|x64.ActiveCfg = Debug|Any CPU
		{1B00BE2B-20EC-4BEF-925F-3876B86E3D82}.Debug|x64.Build.0 = Debug|Any CPU
		{1B00BE2B-20EC-4BEF-925F-3876B86E3D82}.Debug|x86.ActiveCfg = Debug|Any CPU
		{1B00BE2B-20EC-4BEF-925F-3876B86E3D82}.Debug|x86.Build.0 = Debug|Any CPU
		{1B00BE2B-20EC-4BEF-925F-3876B86E3D82}.Release|Any CPU.ActiveCfg = Release|Any CPU
		{1B00BE2B-20EC-4BEF-925F-3876B86E3D82}.Release|Any CPU.Build.0 = Release|Any CPU
		{1B00BE2B-20EC-4BEF-925F-3876B86E3D82}.Release|x64.ActiveCfg = Release|Any CPU
		{1B00BE2B-20EC-4BEF-925F-3876B86E3D82}.Release|x64.Build.0 = Release|Any CPU
		{1B00BE2B-20EC-4BEF-925F-3876B86E3D82}.Release|x86.ActiveCfg = Release|Any CPU
		{1B00BE2B-20EC-4BEF-925F-3876B86E3D82}.Release|x86.Build.0 = Release|Any CPU
		{51252E89-5754-4147-B357-E15B0FA7C88E}.Debug|Any CPU.ActiveCfg = Debug|Any CPU
		{51252E89-5754-4147-B357-E15B0FA7C88E}.Debug|Any CPU.Build.0 = Debug|Any CPU
		{51252E89-5754-4147-B357-E15B0FA7C88E}.Debug|x64.ActiveCfg = Debug|Any CPU
		{51252E89-5754-4147-B357-E15B0FA7C88E}.Debug|x64.Build.0 = Debug|Any CPU
		{51252E89-5754-4147-B357-E15B0FA7C88E}.Debug|x86.ActiveCfg = Debug|Any CPU
		{51252E89-5754-4147-B357-E15B0FA7C88E}.Debug|x86.Build.0 = Debug|Any CPU
		{51252E89-5754-4147-B357-E15B0FA7C88E}.Release|Any CPU.ActiveCfg = Release|Any CPU
		{51252E89-5754-4147-B357-E15B0FA7C88E}.Release|Any CPU.Build.0 = Release|Any CPU
		{51252E89-5754-4147-B357-E15B0FA7C88E}.Release|x64.ActiveCfg = Release|Any CPU
		{51252E89-5754-4147-B357-E15B0FA7C88E}.Release|x64.Build.0 = Release|Any CPU
		{51252E89-5754-4147-B357-E15B0FA7C88E}.Release|x86.ActiveCfg = Release|Any CPU
		{51252E89-5754-4147-B357-E15B0FA7C88E}.Release|x86.Build.0 = Release|Any CPU
		{8EB3D4DB-786A-4961-907E-BF33F2E41A66}.Debug|Any CPU.ActiveCfg = Debug|Any CPU
		{8EB3D4DB-786A-4961-907E-BF33F2E41A66}.Debug|Any CPU.Build.0 = Debug|Any CPU
		{8EB3D4DB-786A-4961-907E-BF33F2E41A66}.Debug|x64.ActiveCfg = Debug|Any CPU
		{8EB3D4DB-786A-4961-907E-BF33F2E41A66}.Debug|x64.Build.0 = Debug|Any CPU
		{8EB3D4DB-786A-4961-907E-BF33F2E41A66}.Debug|x86.ActiveCfg = Debug|Any CPU
		{8EB3D4DB-786A-4961-907E-BF33F2E41A66}.Debug|x86.Build.0 = Debug|Any CPU
		{8EB3D4DB-786A-4961-907E-BF33F2E41A66}.Release|Any CPU.ActiveCfg = Release|Any CPU
		{8EB3D4DB-786A-4961-907E-BF33F2E41A66}.Release|Any CPU.Build.0 = Release|Any CPU
		{8EB3D4DB-786A-4961-907E-BF33F2E41A66}.Release|x64.ActiveCfg = Release|Any CPU
		{8EB3D4DB-786A-4961-907E-BF33F2E41A66}.Release|x64.Build.0 = Release|Any CPU
		{8EB3D4DB-786A-4961-907E-BF33F2E41A66}.Release|x86.ActiveCfg = Release|Any CPU
		{8EB3D4DB-786A-4961-907E-BF33F2E41A66}.Release|x86.Build.0 = Release|Any CPU
		{C7277781-5910-4144-B917-9FF7C1955896}.Debug|Any CPU.ActiveCfg = Debug|Any CPU
		{C7277781-5910-4144-B917-9FF7C1955896}.Debug|Any CPU.Build.0 = Debug|Any CPU
		{C7277781-5910-4144-B917-9FF7C1955896}.Debug|x64.ActiveCfg = Debug|Any CPU
		{C7277781-5910-4144-B917-9FF7C1955896}.Debug|x64.Build.0 = Debug|Any CPU
		{C7277781-5910-4144-B917-9FF7C1955896}.Debug|x86.ActiveCfg = Debug|Any CPU
		{C7277781-5910-4144-B917-9FF7C1955896}.Debug|x86.Build.0 = Debug|Any CPU
		{C7277781-5910-4144-B917-9FF7C1955896}.Release|Any CPU.ActiveCfg = Release|Any CPU
		{C7277781-5910-4144-B917-9FF7C1955896}.Release|Any CPU.Build.0 = Release|Any CPU
		{C7277781-5910-4144-B917-9FF7C1955896}.Release|x64.ActiveCfg = Release|Any CPU
		{C7277781-5910-4144-B917-9FF7C1955896}.Release|x64.Build.0 = Release|Any CPU
		{C7277781-5910-4144-B917-9FF7C1955896}.Release|x86.ActiveCfg = Release|Any CPU
		{C7277781-5910-4144-B917-9FF7C1955896}.Release|x86.Build.0 = Release|Any CPU
	EndGlobalSection
	GlobalSection(SolutionProperties) = preSolution
		HideSolutionNode = FALSE
	EndGlobalSection
	GlobalSection(NestedProjects) = preSolution
		{A7C91412-F749-4ADE-B6BA-D82F17B69C01} = {827E0CD3-B72D-47B6-A68D-7590B98EB39B}
		{AB605013-5A3B-47FD-9FF1-D9AA6D4AE3E3} = {827E0CD3-B72D-47B6-A68D-7590B98EB39B}
		{6D49DCFC-61B8-4CB6-BACF-9E09E7750F0E} = {827E0CD3-B72D-47B6-A68D-7590B98EB39B}
		{9ECA1692-0AB7-4F2D-8803-609FE226A3ED} = {827E0CD3-B72D-47B6-A68D-7590B98EB39B}
		{65CAD767-253F-432E-B4BA-A5C696CD849C} = {5D20AA90-6969-D8BD-9DCD-8634F4692FDA}
		{46985DD3-40FA-4556-BAEC-B5BECA0C2A3C} = {0AB3BF05-4346-4AA6-1389-037BE0695223}
		{9F0C4F4F-DC92-4221-BBFB-72AE98D31D5C} = {0AB3BF05-4346-4AA6-1389-037BE0695223}
		{1B00BE2B-20EC-4BEF-925F-3876B86E3D82} = {827E0CD3-B72D-47B6-A68D-7590B98EB39B}
		{51252E89-5754-4147-B357-E15B0FA7C88E} = {5D20AA90-6969-D8BD-9DCD-8634F4692FDA}
		{8EB3D4DB-786A-4961-907E-BF33F2E41A66} = {827E0CD3-B72D-47B6-A68D-7590B98EB39B}
		{C7277781-5910-4144-B917-9FF7C1955896} = {5D20AA90-6969-D8BD-9DCD-8634F4692FDA}
	EndGlobalSection
EndGlobal
